{
  "name": "godotsim",
  "lockfileVersion": 3,
  "requires": true,
  "packages": {
    "": {
      "dependencies": {
        "@letta-ai/letta-client": "^1.7.8"
      }
    },
    "node_modules/@letta-ai/letta-client": {
      "version": "1.7.8",
      "resolved": "https://registry.npmjs.org/@letta-ai/letta-client/-/letta-client-1.7.8.tgz",
      "integrity": "sha512-l7BGsAZOI8b+H1RO2IMzMv3P0VXj6Of2wXLCg5LZejOk0dHLLBi2me4WspLg+6zWPGIRJwMRsxmfp4kV9Zzh6g==",
      "license": "Apache-2.0"
    }
  }
}
